Microsoft Visual Studio Solution File, Format Version 7.00
Project("{8BC9CEB8-8B4A-11D0-8D11-00A0C91BC942}") = "HackServer", "HackServer.vcproj", "{2D000269-D8AF-4F87-81DD-76799F7C53CA}"
EndProject
Global
	GlobalSection(SolutionConfiguration) = preSolution
		ConfigName.0 = Debug
		ConfigName.1 = Release
	EndGlobalSection
	GlobalSection(ProjectDependencies) = postSolution
	EndGlobalSection
	GlobalSection(ProjectConfiguration) = postSolution
		{2D000269-D8AF-4F87-81DD-76799F7C53CA}.Debug.ActiveCfg = Debug|Win32
		{2D000269-D8AF-4F87-81DD-76799F7C53CA}.Debug.Build.0 = Debug|Win32
		{2D000269-D8AF-4F87-81DD-76799F7C53CA}.Release.ActiveCfg = Release|Win32
		{2D000269-D8AF-4F87-81DD-76799F7C53CA}.Release.Build.0 = Release|Win32
	EndGlobalSection
	GlobalSection(ExtensibilityGlobals) = postSolution
	EndGlobalSection
	GlobalSection(ExtensibilityAddIns) = postSolution
	EndGlobalSection
EndGlobal
